{
  "nodes": {
    "aboutsecurity": {
      "flake": false,
      "locked": {
        "lastModified": 1777098964,
        "narHash": "sha256-v4dl6VdcJFN7pKzfPy3OR5VukZRYalpb/uMm/jH91Wc=",
        "owner": "wgpsec",
        "repo": "AboutSecurity",
        "rev": "15fdec92c57e304f9ddc291160da90b160f25966",
        "type": "github"
      },
      "original": {
        "owner": "wgpsec",
        "repo": "AboutSecurity",
        "type": "github"
      }
    },
    "addyosmani-agent-skills": {
      "flake": false,
      "locked": {
        "lastModified": 1777775020,
        "narHash": "sha256-ngGjnKOHDXhQfY9mOhpzSGE8WJPKIApXilOZvae/1qI=",
        "owner": "addyosmani",
        "repo": "agent-skills",
        "rev": "f504276d8e074912f4763e6163b436a4ffc74d0d",
        "type": "github"
      },
      "original": {
        "owner": "addyosmani",
        "repo": "agent-skills",
        "type": "github"
      }
    },
    "ai-research-skills": {
      "flake": false,
      "locked": {
        "lastModified": 1777352963,
        "narHash": "sha256-997V0aOcMYD61MMGH6yMQyZeCbDYXaqcZ0Q/WSso0lw=",
        "owner": "Orchestra-Research",
        "repo": "AI-Research-SKILLs",
        "rev": "28f2d29236f2bade2eb92cadb2585189589a5828",
        "type": "github"
      },
      "original": {
        "owner": "Orchestra-Research",
        "repo": "AI-Research-SKILLs",
        "type": "github"
      }
    },
    "awesome-claude-code-toolkit": {
      "flake": false,
      "locked": {
        "lastModified": 1776675007,
        "narHash": "sha256-xhwcaZfIJcyKmTkPuEckbN4qKSQPmvm7JcSfYF2ATwc=",
        "owner": "rohitg00",
        "repo": "awesome-claude-code-toolkit",
        "rev": "659efb0f7269f58a077bb9202f08725408c88cbb",
        "type": "github"
      },
      "original": {
        "owner": "rohitg00",
        "repo": "awesome-claude-code-toolkit",
        "type": "github"
      }
    },
    "cc-skills-golang": {
      "flake": false,
      "locked": {
        "lastModified": 1777636785,
        "narHash": "sha256-BrRDo7tDagCNIXtZfh7zMKo6b16pSdh7Bu/gixEjVaA=",
        "owner": "samber",
        "repo": "cc-skills-golang",
        "rev": "e9761db859c6969b77a8fd0e8a243f4f28240211",
        "type": "github"
      },
      "original": {
        "owner": "samber",
        "repo": "cc-skills-golang",
        "type": "github"
      }
    },
    "claude-plugins-official": {
      "flake": false,
      "locked": {
        "lastModified": 1777910431,
        "narHash": "sha256-ZEjKB9k08E77anfovvspnohU1mQpPeaPDatTfnNi3bU=",
        "owner": "anthropics",
        "repo": "claude-plugins-official",
        "rev": "ac45fdae4b7af187b5624599ab054090dedadd94",
        "type": "github"
      },
      "original": {
        "owner": "anthropics",
        "repo": "claude-plugins-official",
        "type": "github"
      }
    },
    "claude-workflow-v2": {
      "flake": false,
      "locked": {
        "lastModified": 1771092344,
        "narHash": "sha256-CV4HEJ+XTczVPe0GnlYQKFATLz6LD7R1hXcy/O990Fc=",
        "owner": "CloudAI-X",
        "repo": "claude-workflow-v2",
        "rev": "b6952dd3cd31b548d57ea88352c84692030e5480",
        "type": "github"
      },
      "original": {
        "owner": "CloudAI-X",
        "repo": "claude-workflow-v2",
        "type": "github"
      }
    },
    "cloudflare-skills": {
      "flake": false,
      "locked": {
        "lastModified": 1777891816,
        "narHash": "sha256-EebcbKdvxi90rI1crA7IKSfLf6bjMKNn8IGuHSIAK7s=",
        "owner": "cloudflare",
        "repo": "skills",
        "rev": "60147cbb773649eadca89cee92b4e0caf02234b4",
        "type": "github"
      },
      "original": {
        "owner": "cloudflare",
        "repo": "skills",
        "type": "github"
      }
    },
    "composio-awesome-codex-skills": {
      "flake": false,
      "locked": {
        "lastModified": 1777361144,
        "narHash": "sha256-rax8hzynv/jUMkIgAIR4O6/kjYP4G5gyil9mROwfkLI=",
        "owner": "ComposioHQ",
        "repo": "awesome-codex-skills",
        "rev": "14667b4850a3d99b23f8fbc0cf73c879ef219c66",
        "type": "github"
      },
      "original": {
        "owner": "ComposioHQ",
        "repo": "awesome-codex-skills",
        "type": "github"
      }
    },
    "finance-skills": {
      "flake": false,
      "locked": {
        "lastModified": 1777237150,
        "narHash": "sha256-2wHNrhveU/vMURzariHuoJguaEwd+ev/tITukLG8TNs=",
        "owner": "himself65",
        "repo": "finance-skills",
        "rev": "be2c2fdfa3e609071fe00974da7d8944e6310e6b",
        "type": "github"
      },
      "original": {
        "owner": "himself65",
        "repo": "finance-skills",
        "type": "github"
      }
    },
    "flake-compat": {
      "flake": false,
      "locked": {
        "lastModified": 1767039857,
        "narHash": "sha256-vNpUSpF5Nuw8xvDLj2KCwwksIbjua2LZCqhV1LNRDns=",
        "owner": "edolstra",
        "repo": "flake-compat",
        "rev": "5edf11c44bc78a0d334f6334cdaf7d60d732daab",
        "type": "github"
      },
      "original": {
        "owner": "edolstra",
        "repo": "flake-compat",
        "type": "github"
      }
    },
    "gitagent": {
      "flake": false,
      "locked": {
        "lastModified": 1777273535,
        "narHash": "sha256-UOsZ2v/FiLj/xb5fPgfibu8itHXBGOTZRJsRkdtCVgo=",
        "owner": "open-gitagent",
        "repo": "gitagent",
        "rev": "23bb53a88506522d44d8cb726eea2c972686d6e5",
        "type": "github"
      },
      "original": {
        "owner": "open-gitagent",
        "repo": "gitagent",
        "type": "github"
      }
    },
    "github-awesome-copilot": {
      "flake": false,
      "locked": {
        "lastModified": 1777876486,
        "narHash": "sha256-Uqq58iK6zhK0sU9FOyL3vD70aUwBjHSshJKvPcoMCsg=",
        "owner": "github",
        "repo": "awesome-copilot",
        "rev": "f503ffa543fbfbf78fd065fb72d36f1c6bc37d0d",
        "type": "github"
      },
      "original": {
        "owner": "github",
        "repo": "awesome-copilot",
        "type": "github"
      }
    },
    "grafana-skills": {
      "flake": false,
      "locked": {
        "lastModified": 1777250357,
        "narHash": "sha256-5D8OSeNAKoyE6YO3v7GliQVhHzYgt4qopWwWJS8QpjI=",
        "owner": "grafana",
        "repo": "skills",
        "rev": "ccbb23df0073b3fbbbbc4c95cae4b00cfbfb6823",
        "type": "github"
      },
      "original": {
        "owner": "grafana",
        "repo": "skills",
        "type": "github"
      }
    },
    "hashicorp-agent-skills": {
      "flake": false,
      "locked": {
        "lastModified": 1777079496,
        "narHash": "sha256-1V4q+FAb53ZqZir+khNKxdEFCemjbiaD1PxjWADjbhk=",
        "owner": "hashicorp",
        "repo": "agent-skills",
        "rev": "b129bb5c0a8d857d5c36d1fd12492e943730aacf",
        "type": "github"
      },
      "original": {
        "owner": "hashicorp",
        "repo": "agent-skills",
        "type": "github"
      }
    },
    "mattpocock-skills": {
      "flake": false,
      "locked": {
        "lastModified": 1777549091,
        "narHash": "sha256-qOhU5bBnT6kI8c7i0r0IyecrgLJNNPlmQtAb6qWM73Q=",
        "owner": "mattpocock",
        "repo": "skills",
        "rev": "b843cb5ea74b1fe5e58a0fc23cddef9e66076fb8",
        "type": "github"
      },
      "original": {
        "owner": "mattpocock",
        "repo": "skills",
        "type": "github"
      }
    },
    "microsoft-skills": {
      "flake": false,
      "locked": {
        "lastModified": 1777920910,
        "narHash": "sha256-r45zI8hs0EWNSvXKr0VeB7K7/GzcT/O5jKd02IPhz40=",
        "owner": "microsoft",
        "repo": "skills",
        "rev": "afedcfd1c4d7fb14320967c0fe86446825742584",
        "type": "github"
      },
      "original": {
        "owner": "microsoft",
        "repo": "skills",
        "type": "github"
      }
    },
    "minimax-skills": {
      "flake": false,
      "locked": {
        "lastModified": 1776505713,
        "narHash": "sha256-MSGVbqDtNOLFA114oYph0QnUI69IUFrQ8ox8RNo0ncU=",
        "owner": "MiniMax-AI",
        "repo": "skills",
        "rev": "60aaae52bb2af8162732751a4332f62a5fef518b",
        "type": "github"
      },
      "original": {
        "owner": "MiniMax-AI",
        "repo": "skills",
        "type": "github"
      }
    },
    "nixpkgs": {
      "locked": {
        "lastModified": 1777578337,
        "narHash": "sha256-Ad49moKWeXtKBJNy2ebiTQUEgdLyvGmTeykAQ9xM+Z4=",
        "owner": "NixOS",
        "repo": "nixpkgs",
        "rev": "15f4ee454b1dce334612fa6843b3e05cf546efab",
        "type": "github"
      },
      "original": {
        "owner": "NixOS",
        "ref": "nixos-unstable",
        "repo": "nixpkgs",
        "type": "github"
      }
    },
    "obsidian-skills": {
      "flake": false,
      "locked": {
        "lastModified": 1775150516,
        "narHash": "sha256-/D5HKtLvVdBh7g7zCFDQmInL7/q8koiR6HL0ARmTCoE=",
        "owner": "kepano",
        "repo": "obsidian-skills",
        "rev": "fa1e131a014576ff8f8919f191a7ca8d8fded39b",
        "type": "github"
      },
      "original": {
        "owner": "kepano",
        "repo": "obsidian-skills",
        "type": "github"
      }
    },
    "openai-skills": {
      "flake": false,
      "locked": {
        "lastModified": 1777658119,
        "narHash": "sha256-sDuay63p8ViSEeXHdMEqQfxviwFqQxiUWHFuTtDSclk=",
        "owner": "openai",
        "repo": "skills",
        "rev": "af9b54f235d0d56c6b4410be54d578b0fda4ddfc",
        "type": "github"
      },
      "original": {
        "owner": "openai",
        "repo": "skills",
        "type": "github"
      }
    },
    "prat011-awesome-llm-skills": {
      "flake": false,
      "locked": {
        "lastModified": 1776854817,
        "narHash": "sha256-EY7lvql8CM45e2HpUSLsol8aK4IJ6EjkEDHkUD3TnlU=",
        "owner": "Prat011",
        "repo": "awesome-llm-skills",
        "rev": "f417203aa4a4c17268653382512081d10eaada23",
        "type": "github"
      },
      "original": {
        "owner": "Prat011",
        "repo": "awesome-llm-skills",
        "type": "github"
      }
    },
    "root": {
      "inputs": {
        "aboutsecurity": "aboutsecurity",
        "addyosmani-agent-skills": "addyosmani-agent-skills",
        "ai-research-skills": "ai-research-skills",
        "awesome-claude-code-toolkit": "awesome-claude-code-toolkit",
        "cc-skills-golang": "cc-skills-golang",
        "claude-plugins-official": "claude-plugins-official",
        "claude-workflow-v2": "claude-workflow-v2",
        "cloudflare-skills": "cloudflare-skills",
        "composio-awesome-codex-skills": "composio-awesome-codex-skills",
        "finance-skills": "finance-skills",
        "flake-compat": "flake-compat",
        "gitagent": "gitagent",
        "github-awesome-copilot": "github-awesome-copilot",
        "grafana-skills": "grafana-skills",
        "hashicorp-agent-skills": "hashicorp-agent-skills",
        "mattpocock-skills": "mattpocock-skills",
        "microsoft-skills": "microsoft-skills",
        "minimax-skills": "minimax-skills",
        "nixpkgs": "nixpkgs",
        "obsidian-skills": "obsidian-skills",
        "openai-skills": "openai-skills",
        "prat011-awesome-llm-skills": "prat011-awesome-llm-skills",
        "rust-skills": "rust-skills",
        "superpowers-zh": "superpowers-zh",
        "taste-skill": "taste-skill",
        "tech-leads-agent-skills": "tech-leads-agent-skills",
        "trailofbits-skills": "trailofbits-skills",
        "trailofbits-skills-curated": "trailofbits-skills-curated",
        "vibe-skills": "vibe-skills",
        "waza": "waza"
      }
    },
    "rust-skills": {
      "flake": false,
      "locked": {
        "lastModified": 1774070556,
        "narHash": "sha256-0zbUjCqnrAvKsLGAyGFkZEN1AkPnTTmzjSo9AOhapgA=",
        "owner": "actionbook",
        "repo": "rust-skills",
        "rev": "1f4becdcb88d1cbccc1880594479f28891102843",
        "type": "github"
      },
      "original": {
        "owner": "actionbook",
        "repo": "rust-skills",
        "type": "github"
      }
    },
    "superpowers-zh": {
      "flake": false,
      "locked": {
        "lastModified": 1777345904,
        "narHash": "sha256-jI21dIkd+zgHn/+6GwRuRFDnunYjUcb8+B5bQXZFbx0=",
        "owner": "jnMetaCode",
        "repo": "superpowers-zh",
        "rev": "8298e9f865d276add7cbda918d829dac8c76188e",
        "type": "github"
      },
      "original": {
        "owner": "jnMetaCode",
        "repo": "superpowers-zh",
        "type": "github"
      }
    },
    "taste-skill": {
      "flake": false,
      "locked": {
        "lastModified": 1777834934,
        "narHash": "sha256-TOxo3E6mab3QPlp1uJaWpyowGFRjKE+zR1YKUZJs/Y4=",
        "owner": "Leonxlnx",
        "repo": "taste-skill",
        "rev": "86c4a8eb89cb385de74c0414d1ca6835901a3a3f",
        "type": "github"
      },
      "original": {
        "owner": "Leonxlnx",
        "repo": "taste-skill",
        "type": "github"
      }
    },
    "tech-leads-agent-skills": {
      "flake": false,
      "locked": {
        "lastModified": 1777353201,
        "narHash": "sha256-qSywFo2/FXf8X2kFIkIavswukphpGHhkIR0CMyq5sq8=",
        "owner": "tech-leads-club",
        "repo": "agent-skills",
        "rev": "81e7e0dd3abe314aa004ec276c1d64643d2bd6c0",
        "type": "github"
      },
      "original": {
        "owner": "tech-leads-club",
        "repo": "agent-skills",
        "type": "github"
      }
    },
    "trailofbits-skills": {
      "flake": false,
      "locked": {
        "lastModified": 1777838395,
        "narHash": "sha256-SfYrBSmH0MRuGPWCgMBrt9jrdG9bOL47ixgiW+5Be3U=",
        "owner": "trailofbits",
        "repo": "skills",
        "rev": "870955f1af03acfec736f77c287219bc01af11e9",
        "type": "github"
      },
      "original": {
        "owner": "trailofbits",
        "repo": "skills",
        "type": "github"
      }
    },
    "trailofbits-skills-curated": {
      "flake": false,
      "locked": {
        "lastModified": 1771886643,
        "narHash": "sha256-pI+ioqHG0LASL8VZiZoO9T0SoKFXDYub++eZrN5e208=",
        "owner": "trailofbits",
        "repo": "skills-curated",
        "rev": "022fa0948818c9f2f738a428f4546cc65c427767",
        "type": "github"
      },
      "original": {
        "owner": "trailofbits",
        "repo": "skills-curated",
        "type": "github"
      }
    },
    "vibe-skills": {
      "flake": false,
      "locked": {
        "lastModified": 1777689001,
        "narHash": "sha256-+PvBA54h8PYbcwrzySeH1dJA6u659A6ppevGzsglsXI=",
        "owner": "foryourhealth111-pixel",
        "repo": "Vibe-Skills",
        "rev": "0d029ae9b9b901596eeb9767d8e52e63a778befa",
        "type": "github"
      },
      "original": {
        "owner": "foryourhealth111-pixel",
        "repo": "Vibe-Skills",
        "type": "github"
      }
    },
    "waza": {
      "flake": false,
      "locked": {
        "lastModified": 1777904341,
        "narHash": "sha256-qBRekhGXid4n5GuFYKYj2IhOasvPdrhwNwosxJFRyuw=",
        "owner": "tw93",
        "repo": "Waza",
        "rev": "a1acdbaf4c7bf5c9b04a9d262cad53aaa68146cb",
        "type": "github"
      },
      "original": {
        "owner": "tw93",
        "repo": "Waza",
        "type": "github"
      }
    }
  },
  "root": "root",
  "version": 7
}
